// !$*UTF8*$!
{
	archiveVersion = 1;
	classes = {
	};
	objectVersion = 46;
	objects = {

/* Begin PBXBuildFile section */
		343F96E91A273553001567B3 /* AppDelegate.swift in Sources */ = {isa = PBXBuildFile; fileRef = 343F96E81A273553001567B3 /* AppDelegate.swift */; };
		343F96EB1A273553001567B3 /* ViewController.swift in Sources */ = {isa = PBXBuildFile; fileRef = 343F96EA1A273553001567B3 /* ViewController.swift */; };
		343F96EE1A273553001567B3 /* Main.storyboard in Resources */ = {isa = PBXBuildFile; fileRef = 343F96EC1A273553001567B3 /* Main.storyboard */; };
		343F96F01A273553001567B3 /* Images.xcassets in Resources */ = {isa = PBXBuildFile; fileRef = 343F96EF1A273553001567B3 /* Images.xcassets */; };
		343F96F31A273553001567B3 /* LaunchScreen.xib in Resources */ = {isa = PBXBuildFile; fileRef = 343F96F11A273553001567B3 /* LaunchScreen.xib */; };
		343F96FF1A273553001567B3 /* TaskItTests.swift in Sources */ = {isa = PBXBuildFile; fileRef = 343F96FE1A273553001567B3 /* TaskItTests.swift */; };
/* End PBXBuildFile section */

/* Begin PBXContainerItemProxy section */
		343F96F91A273553001567B3 /* PBXContainerItemProxy */ = {
			isa = PBXContainerItemProxy;
			containerPortal = 343F96DB1A273553001567B3 /* Project object */;
			proxyType = 1;
			remoteGlobalIDString = 343F96E21A273553001567B3;
			remoteInfo = TaskIt;
		};
/* End PBXContainerItemProxy section */

/* Begin PBXFileReference section */
		343F96E31A273553001567B3 /* TaskIt.app */ = {isa = PBXFileReference; explicitFileType = wrapper.application; includeInIndex = 0; path = TaskIt.app; sourceTree = BUILT_PRODUCTS_DIR; };
		343F96E71A273553001567B3 /* Info.plist */ = {isa = PBXFileReference; lastKnownFileType = text.plist.xml; path = Info.plist; sourceTree = "<group>"; };
		343F96E81A273553001567B3 /* AppDelegate.swift */ = {isa = PBXFileReference; lastKnownFileType = sourcecode.swift; path = AppDelegate.swift; sourceTree = "<group>"; };
		343F96EA1A273553001567B3 /* ViewController.swift */ = {isa = PBXFileReference; lastKnownFileType = sourcecode.swift; path = ViewController.swift; sourceTree = "<group>"; };
		343F96ED1A273553001567B3 /* Base */ = {isa = PBXFileReference; lastKnownFileType = file.storyboard; name = Base; path = Base.lproj/Main.storyboard; sourceTree = "<group>"; };
		343F96EF1A273553001567B3 /* Images.xcassets */ = {isa = PBXFileReference; lastKnownFileType = folder.assetcatalog; path = Images.xcassets; sourceTree = "<group>"; };
		343F96F21A273553001567B3 /* Base */ = {isa = PBXFileReference; lastKnownFileType = file.xib; name = Base; path = Base.lproj/LaunchScreen.xib; sourceTree = "<group>"; };
		343F96F81A273553001567B3 /* TaskItTests.xctest */ = {isa = PBXFileReference; explicitFileType = wrapper.cfbundle; includeInIndex = 0; path = TaskItTests.xctest; sourceTree = BUILT_PRODUCTS_DIR; };
		343F96FD1A273553001567B3 /* Info.plist */ = {isa = PBXFileReference; lastKnownFileType = text.plist.xml; path = Info.plist; sourceTree = "<group>"; };
		343F96FE1A273553001567B3 /* TaskItTests.swift */ = {isa = PBXFileReference; lastKnownFileType = sourcecode.swift; path = TaskItTests.swift; sourceTree = "<group>"; };
/* End PBXFileReference section */

/* Begin PBXFrameworksBuildPhase section */
		343F96E01A273553001567B3 /* Frameworks */ = {
			isa = PBXFrameworksBuildPhase;
			buildActionMask = 2147483647;
			files = (
			);
			runOnlyForDeploymentPostprocessing = 0;
		};
		343F96F51A273553001567B3 /* Frameworks */ = {
			isa = PBXFrameworksBuildPhase;
			buildActionMask = 2147483647;
			files = (
			);
			runOnlyForDeploymentPostprocessing = 0;
		};
/* End PBXFrameworksBuildPhase section */

/* Begin PBXGroup section */
		343F96DA1A273553001567B3 = {
			isa = PBXGroup;
			children = (
				343F96E51A273553001567B3 /* TaskIt */,
				343F96FB1A273553001567B3 /* TaskItTests */,
				343F96E41A273553001567B3 /* Products */,
			);
			sourceTree = "<group>";
		};
		343F96E41A273553001567B3 /* Products */ = {
			isa = PBXGroup;
			children = (
				343F96E31A273553001567B3 /* TaskIt.app */,
				343F96F81A273553001567B3 /* TaskItTests.xctest */,
			);
			name = Products;
			sourceTree = "<group>";
		};
		343F96E51A273553001567B3 /* TaskIt */ = {
			isa = PBXGroup;
			children = (
				343F96E81A273553001567B3 /* AppDelegate.swift */,
				343F96EA1A273553001567B3 /* ViewController.swift */,
				343F96EC1A273553001567B3 /* Main.storyboard */,
				343F96EF1A273553001567B3 /* Images.xcassets */,
				343F96F11A273553001567B3 /* LaunchScreen.xib */,
				343F96E61A273553001567B3 /* Supporting Files */,
			);
			path = TaskIt;
			sourceTree = "<group>";
		};
		343F96E61A273553001567B3 /* Supporting Files */ = {
			isa = PBXGroup;
			children = (
				343F96E71A273553001567B3 /* Info.plist */,
			);
			name = "Supporting Files";
			sourceTree = "<group>";
		};
		343F96FB1A273553001567B3 /* TaskItTests */ = {
			isa = PBXGroup;
			children = (
				343F96FE1A273553001567B3 /* TaskItTests.swift */,
				343F96FC1A273553001567B3 /* Supporting Files */,
			);
			path = TaskItTests;
			sourceTree = "<group>";
		};
		343F96FC1A273553001567B3 /* Supporting Files */ = {
			isa = PBXGroup;
			children = (
				343F96FD1A273553001567B3 /* Info.plist */,
			);
			name = "Supporting Files";
			sourceTree = "<group>";
		};
/* End PBXGroup section */

/* Begin PBXNativeTarget section */
		343F96E21A273553001567B3 /* TaskIt */ = {
			isa = PBXNativeTarget;
			buildConfigurationList = 343F97021A273553001567B3 /* Build configuration list for PBXNativeTarget "TaskIt" */;
			buildPhases = (
				343F96DF1A273553001567B3 /* Sources */,
				343F96E01A273553001567B3 /* Frameworks */,
				343F96E11A273553001567B3 /* Resources */,
			);
			buildRules = (
			);
			dependencies = (
			);
			name = TaskIt;
			productName = TaskIt;
			productReference = 343F96E31A273553001567B3 /* TaskIt.app */;
			productType = "com.apple.product-type.application";
		};
		343F96F71A273553001567B3 /* TaskItTests */ = {
			isa = PBXNativeTarget;
			buildConfigurationList = 343F97051A273553001567B3 /* Build configuration list for PBXNativeTarget "TaskItTests" */;
			buildPhases = (
				343F96F41A273553001567B3 /* Sources */,
				343F96F51A273553001567B3 /* Frameworks */,
				343F96F61A273553001567B3 /* Resources */,
			);
			buildRules = (
			);
			dependencies = (
				343F96FA1A273553001567B3 /* PBXTargetDependency */,
			);
			name = TaskItTests;
			productName = TaskItTests;
			productReference = 343F96F81A273553001567B3 /* TaskItTests.xctest */;
			productType = "com.apple.product-type.bundle.unit-test";
		};
/* End PBXNativeTarget section */

/* Begin PBXProject section */
		343F96DB1A273553001567B3 /* Project object */ = {
			isa = PBXProject;
			attributes = {
				LastUpgradeCheck = 0610;
				ORGANIZATIONNAME = "Mauro Consiglio";
				TargetAttributes = {
					343F96E21A273553001567B3 = {
						CreatedOnToolsVersion = 6.1;
					};
					343F96F71A273553001567B3 = {
						CreatedOnToolsVersion = 6.1;
						TestTargetID = 343F96E21A273553001567B3;
					};
				};
			};
			buildConfigurationList = 343F96DE1A273553001567B3 /* Build configuration list for PBXProject "TaskIt" */;
			compatibilityVersion = "Xcode 3.2";
			developmentRegion = English;
			hasScannedForEncodings = 0;
			knownRegions = (
				en,
				Base,
			);
			mainGroup = 343F96DA1A273553001567B3;
			productRefGroup = 343F96E41A273553001567B3 /* Products */;
			projectDirPath = "";
			projectRoot = "";
			targets = (
				343F96E21A273553001567B3 /* TaskIt */,
				343F96F71A273553001567B3 /* TaskItTests */,
			);
		};
/* End PBXProject section */

/* Begin PBXResourcesBuildPhase section */
		343F96E11A273553001567B3 /* Resources */ = {
			isa = PBXResourcesBuildPhase;
			buildActionMask = 2147483647;
			files = (
				343F96EE1A273553001567B3 /* Main.storyboard in Resources */,
				343F96F31A273553001567B3 /* LaunchScreen.xib in Resources */,
				343F96F01A273553001567B3 /* Images.xcassets in Resources */,
			);
			runOnlyForDeploymentPostprocessing = 0;
		};
		343F96F61A273553001567B3 /* Resources */ = {
			isa = PBXResourcesBuildPhase;
			buildActionMask = 2147483647;
			files = (
			);
			runOnlyForDeploymentPostprocessing = 0;
		};
/* End PBXResourcesBuildPhase section */

/* Begin PBXSourcesBuildPhase section */
		343F96DF1A273553001567B3 /* Sources */ = {
			isa = PBXSourcesBuildPhase;
			buildActionMask = 2147483647;
			files = (
				343F96EB1A273553001567B3 /* ViewController.swift in Sources */,
				343F96E91A273553001567B3 /* AppDelegate.swift in Sources */,
			);
			runOnlyForDeploymentPostprocessing = 0;
		};
		343F96F41A273553001567B3 /* Sources */ = {
			isa = PBXSourcesBuildPhase;
			buildActionMask = 2147483647;
			files = (
				343F96FF1A273553001567B3 /* TaskItTests.swift in Sources */,
			);
			runOnlyForDeploymentPostprocessing = 0;
		};
/* End PBXSourcesBuildPhase section */

/* Begin PBXTargetDependency section */
		343F96FA1A273553001567B3 /* PBXTargetDependency */ = {
			isa = PBXTargetDependency;
			target = 343F96E21A273553001567B3 /* TaskIt */;
			targetProxy = 343F96F91A273553001567B3 /* PBXContainerItemProxy */;
		};
/* End PBXTargetDependency section */

/* Begin PBXVariantGroup section */
		343F96EC1A273553001567B3 /* Main.storyboard */ = {
			isa = PBXVariantGroup;
			children = (
				343F96ED1A273553001567B3 /* Base */,
			);
			name = Main.storyboard;
			sourceTree = "<group>";
		};
		343F96F11A273553001567B3 /* LaunchScreen.xib */ = {
			isa = PBXVariantGroup;
			children = (
				343F96F21A273553001567B3 /* Base */,
			);
			name = LaunchScreen.xib;
			sourceTree = "<group>";
		};
/* End PBXVariantGroup section */

/* Begin XCBuildConfiguration section */
		343F97001A273553001567B3 /* Debug */ = {
			isa = XCBuildConfiguration;
			buildSettings = {
				ALWAYS_SEARCH_USER_PATHS = NO;
				CLANG_CXX_LANGUAGE_STANDARD = "gnu++0x";
				CLANG_CXX_LIBRARY = "libc++";
				CLANG_ENABLE_MODULES = YES;
				CLANG_ENABLE_OBJC_ARC = YES;
				CLANG_WARN_BOOL_CONVERSION = YES;
				CLANG_WARN_CONSTANT_CONVERSION = YES;
				CLANG_WARN_DIRECT_OBJC_ISA_USAGE = YES_ERROR;
				CLANG_WARN_EMPTY_BODY = YES;
				CLANG_WARN_ENUM_CONVERSION = YES;
				CLANG_WARN_INT_CONVERSION = YES;
				CLANG_WARN_OBJC_ROOT_CLASS = YES_ERROR;
				CLANG_WARN_UNREACHABLE_CODE = YES;
				CLANG_WARN__DUPLICATE_METHOD_MATCH = YES;
				"CODE_SIGN_IDENTITY[sdk=iphoneos*]" = "iPhone Developer";
				COPY_PHASE_STRIP = NO;
				ENABLE_STRICT_OBJC_MSGSEND = YES;
				GCC_C_LANGUAGE_STANDARD = gnu99;
				GCC_DYNAMIC_NO_PIC = NO;
				GCC_OPTIMIZATION_LEVEL = 0;
				GCC_PREPROCESSOR_DEFINITIONS = (
					"DEBUG=1",
					"$(inherited)",
				);
				GCC_SYMBOLS_PRIVATE_EXTERN = NO;
				GCC_WARN_64_TO_32_BIT_CONVERSION = YES;
				GCC_WARN_ABOUT_RETURN_TYPE = YES_ERROR;
				GCC_WARN_UNDECLARED_SELECTOR = YES;
				GCC_WARN_UNINITIALIZED_AUTOS = YES_AGGRESSIVE;
				GCC_WARN_UNUSED_FUNCTION = YES;
				GCC_WARN_UNUSED_VARIABLE = YES;
				IPHONEOS_DEPLOYMENT_TARGET = 8.1;
				MTL_ENABLE_DEBUG_INFO = YES;
				ONLY_ACTIVE_ARCH = YES;
				SDKROOT = iphoneos;
				SWIFT_OPTIMIZATION_LEVEL = "-Onone";
				TARGETED_DEVICE_FAMILY = "1,2";
			};
			name = Debug;
		};
		343F97011A273553001567B3 /* Release */ = {
			isa = XCBuildConfiguration;
			buildSettings = {
				ALWAYS_SEARCH_USER_PATHS = NO;
				CLANG_CXX_LANGUAGE_STANDARD = "gnu++0x";
				CLANG_CXX_LIBRARY = "libc++";
				CLANG_ENABLE_MODULES = YES;
				CLANG_ENABLE_OBJC_ARC = YES;
				CLANG_WARN_BOOL_CONVERSION = YES;
				CLANG_WARN_CONSTANT_CONVERSION = YES;
				CLANG_WARN_DIRECT_OBJC_ISA_USAGE = YES_ERROR;
				CLANG_WARN_EMPTY_BODY = YES;
				CLANG_WARN_ENUM_CONVERSION = YES;
				CLANG_WARN_INT_CONVERSION = YES;
				CLANG_WARN_OBJC_ROOT_CLASS = YES_ERROR;
				CLANG_WARN_UNREACHABLE_CODE = YES;
				CLANG_WARN__DUPLICATE_METHOD_MATCH = YES;
				"CODE_SIGN_IDENTITY[sdk=iphoneos*]" = "iPhone Developer";
				COPY_PHASE_STRIP = YES;
				ENABLE_NS_ASSERTIONS = NO;
				ENABLE_STRICT_OBJC_MSGSEND = YES;
				GCC_C_LANGUAGE_STANDARD = gnu99;
				GCC_WARN_64_TO_32_BIT_CONVERSION = YES;
				GCC_WARN_ABOUT_RETURN_TYPE = YES_ERROR;
				GCC_WARN_UNDECLARED_SELECTOR = YES;
				GCC_WARN_UNINITIALIZED_AUTOS = YES_AGGRESSIVE;
				GCC_WARN_UNUSED_FUNCTION = YES;
				GCC_WARN_UNUSED_VARIABLE = YES;
				IPHONEOS_DEPLOYMENT_TARGET = 8.1;
				MTL_ENABLE_DEBUG_INFO = NO;
				SDKROOT = iphoneos;
				TARGETED_DEVICE_FAMILY = "1,2";
				VALIDATE_PRODUCT = YES;
			};
			name = Release;
		};
		343F97031A273553001567B3 /* Debug */ = {
			isa = XCBuildConfiguration;
			buildSettings = {
				ASSETCATALOG_COMPILER_APPICON_NAME = AppIcon;
				INFOPLIST_FILE = TaskIt/Info.plist;
				LD_RUNPATH_SEARCH_PATHS = "$(inherited) @executable_path/Frameworks";
				PRODUCT_NAME = "$(TARGET_NAME)";
			};
			name = Debug;
		};
		343F97041A273553001567B3 /* Release */ = {
			isa = XCBuildConfiguration;
			buildSettings = {
				ASSETCATALOG_COMPILER_APPICON_NAME = AppIcon;
				INFOPLIST_FILE = TaskIt/Info.plist;
				LD_RUNPATH_SEARCH_PATHS = "$(inherited) @executable_path/Frameworks";
				PRODUCT_NAME = "$(TARGET_NAME)";
			};
			name = Release;
		};
		343F97061A273553001567B3 /* Debug */ = {
			isa = XCBuildConfiguration;
			buildSettings = {
				BUNDLE_LOADER = "$(TEST_HOST)";
				FRAMEWORK_SEARCH_PATHS = (
					"$(SDKROOT)/Developer/Library/Frameworks",
					"$(inherited)",
				);
				GCC_PREPROCESSOR_DEFINITIONS = (
					"DEBUG=1",
					"$(inherited)",
				);
				INFOPLIST_FILE = TaskItTests/Info.plist;
				LD_RUNPATH_SEARCH_PATHS = "$(inherited) @executable_path/Frameworks @loader_path/Frameworks";
				PRODUCT_NAME = "$(TARGET_NAME)";
				TEST_HOST = "$(BUILT_PRODUCTS_DIR)/TaskIt.app/TaskIt";
			};
			name = Debug;
		};
		343F97071A273553001567B3 /* Release */ = {
			isa = XCBuildConfiguration;
			buildSettings = {
				BUNDLE_LOADER = "$(TEST_HOST)";
				FRAMEWORK_SEARCH_PATHS = (
					"$(SDKROOT)/Developer/Library/Frameworks",
					"$(inherited)",
				);
				INFOPLIST_FILE = TaskItTests/Info.plist;
				LD_RUNPATH_SEARCH_PATHS = "$(inherited) @executable_path/Frameworks @loader_path/Frameworks";
				PRODUCT_NAME = "$(TARGET_NAME)";
				TEST_HOST = "$(BUILT_PRODUCTS_DIR)/TaskIt.app/TaskIt";
			};
			name = Release;
		};
/* End XCBuildConfiguration section */

/* Begin XCConfigurationList section */
		343F96DE1A273553001567B3 /* Build configuration list for PBXProject "TaskIt" */ = {
			isa = XCConfigurationList;
			buildConfigurations = (
				343F97001A273553001567B3 /* Debug */,
				343F97011A273553001567B3 /* Release */,
			);
			defaultConfigurationIsVisible = 0;
			defaultConfigurationName = Release;
		};
		343F97021A273553001567B3 /* Build configuration list for PBXNativeTarget "TaskIt" */ = {
			isa = XCConfigurationList;
			buildConfigurations = (
				343F97031A273553001567B3 /* Debug */,
				343F97041A273553001567B3 /* Release */,
			);
			defaultConfigurationIsVisible = 0;
		};
		343F97051A273553001567B3 /* Build configuration list for PBXNativeTarget "TaskItTests" */ = {
			isa = XCConfigurationList;
			buildConfigurations = (
				343F97061A273553001567B3 /* Debug */,
				343F97071A273553001567B3 /* Release */,
			);
			defaultConfigurationIsVisible = 0;
		};
/* End XCConfigurationList section */
	};
	rootObject = 343F96DB1A273553001567B3 /* Project object */;
}
